
Microsoft Visual Studio Solution File, Format Version 12.00
# Visual Studio 2013
VisualStudioVersion = 12.0.31101.0
MinimumVisualStudioVersion = 10.0.40219.1
Project("{FAE04EC0-301F-11D3-BF4B-00C04F79EFBC}") = "RFB.Web", "RFB.Web\RFB.Web.csproj", "{5DCDE74F-01DC-4063-AC6B-22347A002BD0}"
EndProject
Project("{FAE04EC0-301F-11D3-BF4B-00C04F79EFBC}") = "RFB.Web.Tests", "RFB.Web.Tests\RFB.Web.Tests.csproj", "{2850C6C4-54CB-4838-8C3C-A0C7ACECF31F}"
EndProject
Project("{FAE04EC0-301F-11D3-BF4B-00C04F79EFBC}") = "RFB.APIService", "RFB.APIService\RFB.APIService.csproj", "{DF1D70B8-90CA-4C68-8097-84C11585EC05}"
EndProject
Project("{FAE04EC0-301F-11D3-BF4B-00C04F79EFBC}") = "RFB.BiddingLibrary", "RFB.BiddingLibrary\RFB.BiddingLibrary.csproj", "{86BF523E-735F-4FE8-B18D-55E582D6C9C9}"
EndProject
Project("{FAE04EC0-301F-11D3-BF4B-00C04F79EFBC}") = "RFB.MerchantsLibrary", "RFB.MerchantsLibrary\RFB.MerchantsLibrary.csproj", "{E3A01693-9E61-411C-95D3-4952BCC285F0}"
EndProject
Project("{FAE04EC0-301F-11D3-BF4B-00C04F79EFBC}") = "RFB.ConsumersLibrary", "RFB.ConsumersLibrary\RFB.ConsumersLibrary.csproj", "{3A3D00E0-5B30-4B3D-BB22-CA764459D935}"
EndProject
Project("{FAE04EC0-301F-11D3-BF4B-00C04F79EFBC}") = "RFB.Web.Common", "RFB.Web.Common\RFB.Web.Common.csproj", "{FE84C2A4-49BB-482C-AE12-BFB601AEF938}"
EndProject
Project("{FAE04EC0-301F-11D3-BF4B-00C04F79EFBC}") = "RFB.Common", "RFB.Common\RFB.Common.csproj", "{B2110725-CDC7-4DD4-ABDB-EB412078C9D8}"
EndProject
Project("{FAE04EC0-301F-11D3-BF4B-00C04F79EFBC}") = "RFB.Data.Core", "RFB.Data.Core\RFB.Data.Core.csproj", "{00DB72E0-E8ED-4DB0-9ED6-C9BE357BB8D2}"
EndProject
Project("{FAE04EC0-301F-11D3-BF4B-00C04F79EFBC}") = "RFB.Data.Access", "RFB.Data.Access\RFB.Data.Access.csproj", "{5D6BEB31-32D7-49FA-A98A-A4F9D60B2268}"
EndProject
Project("{2150E333-8FDC-42A3-9474-1A3956D46DE8}") = "DataAccess", "DataAccess", "{19DDD05D-308F-4EEC-AA68-8163DA4755A2}"
EndProject
Project("{2150E333-8FDC-42A3-9474-1A3956D46DE8}") = "Common", "Common", "{A78926ED-5275-4BAD-9DF3-ADDD132A84AB}"
EndProject
Project("{2150E333-8FDC-42A3-9474-1A3956D46DE8}") = "Service", "Service", "{08168B87-E49B-4A0E-A3F9-DA175ABECBE9}"
EndProject
Project("{2150E333-8FDC-42A3-9474-1A3956D46DE8}") = "BusinessLibrary", "BusinessLibrary", "{6AAA4DA7-28DE-4971-91AD-42E14C2AA72F}"
EndProject
Project("{2150E333-8FDC-42A3-9474-1A3956D46DE8}") = "UnitTests", "UnitTests", "{C16023FE-3952-4966-8B85-3FA967171AAF}"
EndProject
Project("{2150E333-8FDC-42A3-9474-1A3956D46DE8}") = "Web", "Web", "{AC2250B4-4F62-435B-A71B-22A995C089F2}"
EndProject
Project("{2150E333-8FDC-42A3-9474-1A3956D46DE8}") = "Mobile", "Mobile", "{28FEB081-F494-4D66-9D81-5EFF554F2862}"
EndProject
Global
	GlobalSection(SolutionConfigurationPlatforms) = preSolution
		Debug|Any CPU = Debug|Any CPU
		Release|Any CPU = Release|Any CPU
	EndGlobalSection
	GlobalSection(ProjectConfigurationPlatforms) = postSolution
		{5DCDE74F-01DC-4063-AC6B-22347A002BD0}.Debug|Any CPU.ActiveCfg = Debug|Any CPU
		{5DCDE74F-01DC-4063-AC6B-22347A002BD0}.Debug|Any CPU.Build.0 = Debug|Any CPU
		{5DCDE74F-01DC-4063-AC6B-22347A002BD0}.Release|Any CPU.ActiveCfg = Release|Any CPU
		{5DCDE74F-01DC-4063-AC6B-22347A002BD0}.Release|Any CPU.Build.0 = Release|Any CPU
		{2850C6C4-54CB-4838-8C3C-A0C7ACECF31F}.Debug|Any CPU.ActiveCfg = Debug|Any CPU
		{2850C6C4-54CB-4838-8C3C-A0C7ACECF31F}.Debug|Any CPU.Build.0 = Debug|Any CPU
		{2850C6C4-54CB-4838-8C3C-A0C7ACECF31F}.Release|Any CPU.ActiveCfg = Release|Any CPU
		{2850C6C4-54CB-4838-8C3C-A0C7ACECF31F}.Release|Any CPU.Build.0 = Release|Any CPU
		{DF1D70B8-90CA-4C68-8097-84C11585EC05}.Debug|Any CPU.ActiveCfg = Debug|Any CPU
		{DF1D70B8-90CA-4C68-8097-84C11585EC05}.Debug|Any CPU.Build.0 = Debug|Any CPU
		{DF1D70B8-90CA-4C68-8097-84C11585EC05}.Release|Any CPU.ActiveCfg = Release|Any CPU
		{DF1D70B8-90CA-4C68-8097-84C11585EC05}.Release|Any CPU.Build.0 = Release|Any CPU
		{86BF523E-735F-4FE8-B18D-55E582D6C9C9}.Debug|Any CPU.ActiveCfg = Debug|Any CPU
		{86BF523E-735F-4FE8-B18D-55E582D6C9C9}.Debug|Any CPU.Build.0 = Debug|Any CPU
		{86BF523E-735F-4FE8-B18D-55E582D6C9C9}.Release|Any CPU.ActiveCfg = Release|Any CPU
		{86BF523E-735F-4FE8-B18D-55E582D6C9C9}.Release|Any CPU.Build.0 = Release|Any CPU
		{E3A01693-9E61-411C-95D3-4952BCC285F0}.Debug|Any CPU.ActiveCfg = Debug|Any CPU
		{E3A01693-9E61-411C-95D3-4952BCC285F0}.Debug|Any CPU.Build.0 = Debug|Any CPU
		{E3A01693-9E61-411C-95D3-4952BCC285F0}.Release|Any CPU.ActiveCfg = Release|Any CPU
		{E3A01693-9E61-411C-95D3-4952BCC285F0}.Release|Any CPU.Build.0 = Release|Any CPU
		{3A3D00E0-5B30-4B3D-BB22-CA764459D935}.Debug|Any CPU.ActiveCfg = Debug|Any CPU
		{3A3D00E0-5B30-4B3D-BB22-CA764459D935}.Debug|Any CPU.Build.0 = Debug|Any CPU
		{3A3D00E0-5B30-4B3D-BB22-CA764459D935}.Release|Any CPU.ActiveCfg = Release|Any CPU
		{3A3D00E0-5B30-4B3D-BB22-CA764459D935}.Release|Any CPU.Build.0 = Release|Any CPU
		{FE84C2A4-49BB-482C-AE12-BFB601AEF938}.Debug|Any CPU.ActiveCfg = Debug|Any CPU
		{FE84C2A4-49BB-482C-AE12-BFB601AEF938}.Debug|Any CPU.Build.0 = Debug|Any CPU
		{FE84C2A4-49BB-482C-AE12-BFB601AEF938}.Release|Any CPU.ActiveCfg = Release|Any CPU
		{FE84C2A4-49BB-482C-AE12-BFB601AEF938}.Release|Any CPU.Build.0 = Release|Any CPU
		{B2110725-CDC7-4DD4-ABDB-EB412078C9D8}.Debug|Any CPU.ActiveCfg = Debug|Any CPU
		{B2110725-CDC7-4DD4-ABDB-EB412078C9D8}.Debug|Any CPU.Build.0 = Debug|Any CPU
		{B2110725-CDC7-4DD4-ABDB-EB412078C9D8}.Release|Any CPU.ActiveCfg = Release|Any CPU
		{B2110725-CDC7-4DD4-ABDB-EB412078C9D8}.Release|Any CPU.Build.0 = Release|Any CPU
		{00DB72E0-E8ED-4DB0-9ED6-C9BE357BB8D2}.Debug|Any CPU.ActiveCfg = Debug|Any CPU
		{00DB72E0-E8ED-4DB0-9ED6-C9BE357BB8D2}.Debug|Any CPU.Build.0 = Debug|Any CPU
		{00DB72E0-E8ED-4DB0-9ED6-C9BE357BB8D2}.Release|Any CPU.ActiveCfg = Release|Any CPU
		{00DB72E0-E8ED-4DB0-9ED6-C9BE357BB8D2}.Release|Any CPU.Build.0 = Release|Any CPU
		{5D6BEB31-32D7-49FA-A98A-A4F9D60B2268}.Debug|Any CPU.ActiveCfg = Debug|Any CPU
		{5D6BEB31-32D7-49FA-A98A-A4F9D60B2268}.Debug|Any CPU.Build.0 = Debug|Any CPU
		{5D6BEB31-32D7-49FA-A98A-A4F9D60B2268}.Release|Any CPU.ActiveCfg = Release|Any CPU
		{5D6BEB31-32D7-49FA-A98A-A4F9D60B2268}.Release|Any CPU.Build.0 = Release|Any CPU
	EndGlobalSection
	GlobalSection(SolutionProperties) = preSolution
		HideSolutionNode = FALSE
	EndGlobalSection
	GlobalSection(NestedProjects) = preSolution
		{5DCDE74F-01DC-4063-AC6B-22347A002BD0} = {AC2250B4-4F62-435B-A71B-22A995C089F2}
		{2850C6C4-54CB-4838-8C3C-A0C7ACECF31F} = {C16023FE-3952-4966-8B85-3FA967171AAF}
		{DF1D70B8-90CA-4C68-8097-84C11585EC05} = {08168B87-E49B-4A0E-A3F9-DA175ABECBE9}
		{86BF523E-735F-4FE8-B18D-55E582D6C9C9} = {6AAA4DA7-28DE-4971-91AD-42E14C2AA72F}
		{E3A01693-9E61-411C-95D3-4952BCC285F0} = {6AAA4DA7-28DE-4971-91AD-42E14C2AA72F}
		{3A3D00E0-5B30-4B3D-BB22-CA764459D935} = {6AAA4DA7-28DE-4971-91AD-42E14C2AA72F}
		{FE84C2A4-49BB-482C-AE12-BFB601AEF938} = {A78926ED-5275-4BAD-9DF3-ADDD132A84AB}
		{B2110725-CDC7-4DD4-ABDB-EB412078C9D8} = {A78926ED-5275-4BAD-9DF3-ADDD132A84AB}
		{00DB72E0-E8ED-4DB0-9ED6-C9BE357BB8D2} = {19DDD05D-308F-4EEC-AA68-8163DA4755A2}
		{5D6BEB31-32D7-49FA-A98A-A4F9D60B2268} = {19DDD05D-308F-4EEC-AA68-8163DA4755A2}
	EndGlobalSection
EndGlobal
